// !$*UTF8*$!
{
	archiveVersion = 1;
	classes = {
	};
	objectVersion = 50;
	objects = {

/* Begin PBXBuildFile section */
		6E570CE525D1E4BA0037533E /* AppDelegate.swift in Sources */ = {isa = PBXBuildFile; fileRef = 6E570CE425D1E4BA0037533E /* AppDelegate.swift */; };
		6E570CE725D1E4BA0037533E /* SceneDelegate.swift in Sources */ = {isa = PBXBuildFile; fileRef = 6E570CE625D1E4BA0037533E /* SceneDelegate.swift */; };
		6E570CE925D1E4BA0037533E /* ViewController.swift in Sources */ = {isa = PBXBuildFile; fileRef = 6E570CE825D1E4BA0037533E /* ViewController.swift */; };
		6E570CEC25D1E4BA0037533E /* Main.storyboard in Resources */ = {isa = PBXBuildFile; fileRef = 6E570CEA25D1E4BA0037533E /* Main.storyboard */; };
		6E570CEF25D1E4BA0037533E /* BlackJackX.xcdatamodeld in Sources */ = {isa = PBXBuildFile; fileRef = 6E570CED25D1E4BA0037533E /* BlackJackX.xcdatamodeld */; };
		6E570CF125D1E4BD0037533E /* Assets.xcassets in Resources */ = {isa = PBXBuildFile; fileRef = 6E570CF025D1E4BD0037533E /* Assets.xcassets */; };
		6E570CF425D1E4BD0037533E /* LaunchScreen.storyboard in Resources */ = {isa = PBXBuildFile; fileRef = 6E570CF225D1E4BD0037533E /* LaunchScreen.storyboard */; };
/* End PBXBuildFile section */

/* Begin PBXFileReference section */
		6E570CE125D1E4BA0037533E /* BlackJackX.app */ = {isa = PBXFileReference; explicitFileType = wrapper.application; includeInIndex = 0; path = BlackJackX.app; sourceTree = BUILT_PRODUCTS_DIR; };
		6E570CE425D1E4BA0037533E /* AppDelegate.swift */ = {isa = PBXFileReference; lastKnownFileType = sourcecode.swift; path = AppDelegate.swift; sourceTree = "<group>"; };
		6E570CE625D1E4BA0037533E /* SceneDelegate.swift */ = {isa = PBXFileReference; lastKnownFileType = sourcecode.swift; path = SceneDelegate.swift; sourceTree = "<group>"; };
		6E570CE825D1E4BA0037533E /* ViewController.swift */ = {isa = PBXFileReference; lastKnownFileType = sourcecode.swift; path = ViewController.swift; sourceTree = "<group>"; };
		6E570CEB25D1E4BA0037533E /* Base */ = {isa = PBXFileReference; lastKnownFileType = file.storyboard; name = Base; path = Base.lproj/Main.storyboard; sourceTree = "<group>"; };
		6E570CEE25D1E4BA0037533E /* BlackJackX.xcdatamodel */ = {isa = PBXFileReference; lastKnownFileType = wrapper.xcdatamodel; path = BlackJackX.xcdatamodel; sourceTree = "<group>"; };
		6E570CF025D1E4BD0037533E /* Assets.xcassets */ = {isa = PBXFileReference; lastKnownFileType = folder.assetcatalog; path = Assets.xcassets; sourceTree = "<group>"; };
		6E570CF325D1E4BD0037533E /* Base */ = {isa = PBXFileReference; lastKnownFileType = file.storyboard; name = Base; path = Base.lproj/LaunchScreen.storyboard; sourceTree = "<group>"; };
		6E570CF525D1E4BD0037533E /* Info.plist */ = {isa = PBXFileReference; lastKnownFileType = text.plist.xml; path = Info.plist; sourceTree = "<group>"; };
/* End PBXFileReference section */

/* Begin PBXFrameworksBuildPhase section */
		6E570CDE25D1E4BA0037533E /* Frameworks */ = {
			isa = PBXFrameworksBuildPhase;
			buildActionMask = 2147483647;
			files = (
			);
			runOnlyForDeploymentPostprocessing = 0;
		};
/* End PBXFrameworksBuildPhase section */

/* Begin PBXGroup section */
		6E570CD825D1E4BA0037533E = {
			isa = PBXGroup;
			children = (
				6E570CE325D1E4BA0037533E /* BlackJackX */,
				6E570CE225D1E4BA0037533E /* Products */,
			);
			sourceTree = "<group>";
		};
		6E570CE225D1E4BA0037533E /* Products */ = {
			isa = PBXGroup;
			children = (
				6E570CE125D1E4BA0037533E /* BlackJackX.app */,
			);
			name = Products;
			sourceTree = "<group>";
		};
		6E570CE325D1E4BA0037533E /* BlackJackX */ = {
			isa = PBXGroup;
			children = (
				6E570CE425D1E4BA0037533E /* AppDelegate.swift */,
				6E570CE625D1E4BA0037533E /* SceneDelegate.swift */,
				6E570CE825D1E4BA0037533E /* ViewController.swift */,
				6E570CEA25D1E4BA0037533E /* Main.storyboard */,
				6E570CF025D1E4BD0037533E /* Assets.xcassets */,
				6E570CF225D1E4BD0037533E /* LaunchScreen.storyboard */,
				6E570CF525D1E4BD0037533E /* Info.plist */,
				6E570CED25D1E4BA0037533E /* BlackJackX.xcdatamodeld */,
			);
			path = BlackJackX;
			sourceTree = "<group>";
		};
/* End PBXGroup section */

/* Begin PBXNativeTarget section */
		6E570CE025D1E4BA0037533E /* BlackJackX */ = {
			isa = PBXNativeTarget;
			buildConfigurationList = 6E570CF825D1E4BD0037533E /* Build configuration list for PBXNativeTarget "BlackJackX" */;
			buildPhases = (
				6E570CDD25D1E4BA0037533E /* Sources */,
				6E570CDE25D1E4BA0037533E /* Frameworks */,
				6E570CDF25D1E4BA0037533E /* Resources */,
			);
			buildRules = (
			);
			dependencies = (
			);
			name = BlackJackX;
			productName = BlackJackX;
			productReference = 6E570CE125D1E4BA0037533E /* BlackJackX.app */;
			productType = "com.apple.product-type.application";
		};
/* End PBXNativeTarget section */

/* Begin PBXProject section */
		6E570CD925D1E4BA0037533E /* Project object */ = {
			isa = PBXProject;
			attributes = {
				LastSwiftUpdateCheck = 1230;
				LastUpgradeCheck = 1230;
				TargetAttributes = {
					6E570CE025D1E4BA0037533E = {
						CreatedOnToolsVersion = 12.3;
					};
				};
			};
			buildConfigurationList = 6E570CDC25D1E4BA0037533E /* Build configuration list for PBXProject "BlackJackX" */;
			compatibilityVersion = "Xcode 9.3";
			developmentRegion = en;
			hasScannedForEncodings = 0;
			knownRegions = (
				en,
				Base,
			);
			mainGroup = 6E570CD825D1E4BA0037533E;
			productRefGroup = 6E570CE225D1E4BA0037533E /* Products */;
			projectDirPath = "";
			projectRoot = "";
			targets = (
				6E570CE025D1E4BA0037533E /* BlackJackX */,
			);
		};
/* End PBXProject section */

/* Begin PBXResourcesBuildPhase section */
		6E570CDF25D1E4BA0037533E /* Resources */ = {
			isa = PBXResourcesBuildPhase;
			buildActionMask = 2147483647;
			files = (
				6E570CF425D1E4BD0037533E /* LaunchScreen.storyboard in Resources */,
				6E570CF125D1E4BD0037533E /* Assets.xcassets in Resources */,
				6E570CEC25D1E4BA0037533E /* Main.storyboard in Resources */,
			);
			runOnlyForDeploymentPostprocessing = 0;
		};
/* End PBXResourcesBuildPhase section */

/* Begin PBXSourcesBuildPhase section */
		6E570CDD25D1E4BA0037533E /* Sources */ = {
			isa = PBXSourcesBuildPhase;
			buildActionMask = 2147483647;
			files = (
				6E570CE925D1E4BA0037533E /* ViewController.swift in Sources */,
				6E570CEF25D1E4BA0037533E /* BlackJackX.xcdatamodeld in Sources */,
				6E570CE525D1E4BA0037533E /* AppDelegate.swift in Sources */,
				6E570CE725D1E4BA0037533E /* SceneDelegate.swift in Sources */,
			);
			runOnlyForDeploymentPostprocessing = 0;
		};
/* End PBXSourcesBuildPhase section */

/* Begin PBXVariantGroup section */
		6E570CEA25D1E4BA0037533E /* Main.storyboard */ = {
			isa = PBXVariantGroup;
			children = (
				6E570CEB25D1E4BA0037533E /* Base */,
			);
			name = Main.storyboard;
			sourceTree = "<group>";
		};
		6E570CF225D1E4BD0037533E /* LaunchScreen.storyboard */ = {
			isa = PBXVariantGroup;
			children = (
				6E570CF325D1E4BD0037533E /* Base */,
			);
			name = LaunchScreen.storyboard;
			sourceTree = "<group>";
		};
/* End PBXVariantGroup section */

/* Begin XCBuildConfiguration section */
		6E570CF625D1E4BD0037533E /* Debug */ = {
			isa = XCBuildConfiguration;
			buildSettings = {
				ALWAYS_SEARCH_USER_PATHS = NO;
				CLANG_ANALYZER_NONNULL = YES;
				CLANG_ANALYZER_NUMBER_OBJECT_CONVERSION = YES_AGGRESSIVE;
				CLANG_CXX_LANGUAGE_STANDARD = "gnu++14";
				CLANG_CXX_LIBRARY = "libc++";
				CLANG_ENABLE_MODULES = YES;
				CLANG_ENABLE_OBJC_ARC = YES;
				CLANG_ENABLE_OBJC_WEAK = YES;
				CLANG_WARN_BLOCK_CAPTURE_AUTORELEASING = YES;
				CLANG_WARN_BOOL_CONVERSION = YES;
				CLANG_WARN_COMMA = YES;
				CLANG_WARN_CONSTANT_CONVERSION = YES;
				CLANG_WARN_DEPRECATED_OBJC_IMPLEMENTATIONS = YES;
				CLANG_WARN_DIRECT_OBJC_ISA_USAGE = YES_ERROR;
				CLANG_WARN_DOCUMENTATION_COMMENTS = YES;
				CLANG_WARN_EMPTY_BODY = YES;
				CLANG_WARN_ENUM_CONVERSION = YES;
				CLANG_WARN_INFINITE_RECURSION = YES;
				CLANG_WARN_INT_CONVERSION = YES;
				CLANG_WARN_NON_LITERAL_NULL_CONVERSION = YES;
				CLANG_WARN_OBJC_IMPLICIT_RETAIN_SELF = YES;
				CLANG_WARN_OBJC_LITERAL_CONVERSION = YES;
				CLANG_WARN_OBJC_ROOT_CLASS = YES_ERROR;
				CLANG_WARN_QUOTED_INCLUDE_IN_FRAMEWORK_HEADER = YES;
				CLANG_WARN_RANGE_LOOP_ANALYSIS = YES;
				CLANG_WARN_STRICT_PROTOTYPES = YES;
				CLANG_WARN_SUSPICIOUS_MOVE = YES;
				CLANG_WARN_UNGUARDED_AVAILABILITY = YES_AGGRESSIVE;
				CLANG_WARN_UNREACHABLE_CODE = YES;
				CLANG_WARN__DUPLICATE_METHOD_MATCH = YES;
				COPY_PHASE_STRIP = NO;
				DEBUG_INFORMATION_FORMAT = dwarf;
				ENABLE_STRICT_OBJC_MSGSEND = YES;
				ENABLE_TESTABILITY = YES;
				GCC_C_LANGUAGE_STANDARD = gnu11;
				GCC_DYNAMIC_NO_PIC = NO;
				GCC_NO_COMMON_BLOCKS = YES;
				GCC_OPTIMIZATION_LEVEL = 0;
				GCC_PREPROCESSOR_DEFINITIONS = (
					"DEBUG=1",
					"$(inherited)",
				);
				GCC_WARN_64_TO_32_BIT_CONVERSION = YES;
				GCC_WARN_ABOUT_RETURN_TYPE = YES_ERROR;
				GCC_WARN_UNDECLARED_SELECTOR = YES;
				GCC_WARN_UNINITIALIZED_AUTOS = YES_AGGRESSIVE;
				GCC_WARN_UNUSED_FUNCTION = YES;
				GCC_WARN_UNUSED_VARIABLE = YES;
				IPHONEOS_DEPLOYMENT_TARGET = 14.3;
				MTL_ENABLE_DEBUG_INFO = INCLUDE_SOURCE;
				MTL_FAST_MATH = YES;
				ONLY_ACTIVE_ARCH = YES;
				SDKROOT = iphoneos;
				SWIFT_ACTIVE_COMPILATION_CONDITIONS = DEBUG;
				SWIFT_OPTIMIZATION_LEVEL = "-Onone";
			};
			name = Debug;
		};
		6E570CF725D1E4BD0037533E /* Release */ = {
			isa = XCBuildConfiguration;
			buildSettings = {
				ALWAYS_SEARCH_USER_PATHS = NO;
				CLANG_ANALYZER_NONNULL = YES;
				CLANG_ANALYZER_NUMBER_OBJECT_CONVERSION = YES_AGGRESSIVE;
				CLANG_CXX_LANGUAGE_STANDARD = "gnu++14";
				CLANG_CXX_LIBRARY = "libc++";
				CLANG_ENABLE_MODULES = YES;
				CLANG_ENABLE_OBJC_ARC = YES;
				CLANG_ENABLE_OBJC_WEAK = YES;
				CLANG_WARN_BLOCK_CAPTURE_AUTORELEASING = YES;
				CLANG_WARN_BOOL_CONVERSION = YES;
				CLANG_WARN_COMMA = YES;
				CLANG_WARN_CONSTANT_CONVERSION = YES;
				CLANG_WARN_DEPRECATED_OBJC_IMPLEMENTATIONS = YES;
				CLANG_WARN_DIRECT_OBJC_ISA_USAGE = YES_ERROR;
				CLANG_WARN_DOCUMENTATION_COMMENTS = YES;
				CLANG_WARN_EMPTY_BODY = YES;
				CLANG_WARN_ENUM_CONVERSION = YES;
				CLANG_WARN_INFINITE_RECURSION = YES;
				CLANG_WARN_INT_CONVERSION = YES;
				CLANG_WARN_NON_LITERAL_NULL_CONVERSION = YES;
				CLANG_WARN_OBJC_IMPLICIT_RETAIN_SELF = YES;
				CLANG_WARN_OBJC_LITERAL_CONVERSION = YES;
				CLANG_WARN_OBJC_ROOT_CLASS = YES_ERROR;
				CLANG_WARN_QUOTED_INCLUDE_IN_FRAMEWORK_HEADER = YES;
				CLANG_WARN_RANGE_LOOP_ANALYSIS = YES;
				CLANG_WARN_STRICT_PROTOTYPES = YES;
				CLANG_WARN_SUSPICIOUS_MOVE = YES;
				CLANG_WARN_UNGUARDED_AVAILABILITY = YES_AGGRESSIVE;
				CLANG_WARN_UNREACHABLE_CODE = YES;
				CLANG_WARN__DUPLICATE_METHOD_MATCH = YES;
				COPY_PHASE_STRIP = NO;
				DEBUG_INFORMATION_FORMAT = "dwarf-with-dsym";
				ENABLE_NS_ASSERTIONS = NO;
				ENABLE_STRICT_OBJC_MSGSEND = YES;
				GCC_C_LANGUAGE_STANDARD = gnu11;
				GCC_NO_COMMON_BLOCKS = YES;
				GCC_WARN_64_TO_32_BIT_CONVERSION = YES;
				GCC_WARN_ABOUT_RETURN_TYPE = YES_ERROR;
				GCC_WARN_UNDECLARED_SELECTOR = YES;
				GCC_WARN_UNINITIALIZED_AUTOS = YES_AGGRESSIVE;
				GCC_WARN_UNUSED_FUNCTION = YES;
				GCC_WARN_UNUSED_VARIABLE = YES;
				IPHONEOS_DEPLOYMENT_TARGET = 14.3;
				MTL_ENABLE_DEBUG_INFO = NO;
				MTL_FAST_MATH = YES;
				SDKROOT = iphoneos;
				SWIFT_COMPILATION_MODE = wholemodule;
				SWIFT_OPTIMIZATION_LEVEL = "-O";
				VALIDATE_PRODUCT = YES;
			};
			name = Release;
		};
		6E570CF925D1E4BD0037533E /* Debug */ = {
			isa = XCBuildConfiguration;
			buildSettings = {
				ASSETCATALOG_COMPILER_APPICON_NAME = AppIcon;
				ASSETCATALOG_COMPILER_GLOBAL_ACCENT_COLOR_NAME = AccentColor;
				CODE_SIGN_STYLE = Automatic;
				DEVELOPMENT_TEAM = DQXR6WYZC2;
				INFOPLIST_FILE = BlackJackX/Info.plist;
				LD_RUNPATH_SEARCH_PATHS = (
					"$(inherited)",
					"@executable_path/Frameworks",
				);
				PRODUCT_BUNDLE_IDENTIFIER = com.fwan.BlackJackX;
				PRODUCT_NAME = "$(TARGET_NAME)";
				SWIFT_VERSION = 5.0;
				TARGETED_DEVICE_FAMILY = "1,2";
			};
			name = Debug;
		};
		6E570CFA25D1E4BD0037533E /* Release */ = {
			isa = XCBuildConfiguration;
			buildSettings = {
				ASSETCATALOG_COMPILER_APPICON_NAME = AppIcon;
				ASSETCATALOG_COMPILER_GLOBAL_ACCENT_COLOR_NAME = AccentColor;
				CODE_SIGN_STYLE = Automatic;
				DEVELOPMENT_TEAM = DQXR6WYZC2;
				INFOPLIST_FILE = BlackJackX/Info.plist;
				LD_RUNPATH_SEARCH_PATHS = (
					"$(inherited)",
					"@executable_path/Frameworks",
				);
				PRODUCT_BUNDLE_IDENTIFIER = com.fwan.BlackJackX;
				PRODUCT_NAME = "$(TARGET_NAME)";
				SWIFT_VERSION = 5.0;
				TARGETED_DEVICE_FAMILY = "1,2";
			};
			name = Release;
		};
/* End XCBuildConfiguration section */

/* Begin XCConfigurationList section */
		6E570CDC25D1E4BA0037533E /* Build configuration list for PBXProject "BlackJackX" */ = {
			isa = XCConfigurationList;
			buildConfigurations = (
				6E570CF625D1E4BD0037533E /* Debug */,
				6E570CF725D1E4BD0037533E /* Release */,
			);
			defaultConfigurationIsVisible = 0;
			defaultConfigurationName = Release;
		};
		6E570CF825D1E4BD0037533E /* Build configuration list for PBXNativeTarget "BlackJackX" */ = {
			isa = XCConfigurationList;
			buildConfigurations = (
				6E570CF925D1E4BD0037533E /* Debug */,
				6E570CFA25D1E4BD0037533E /* Release */,
			);
			defaultConfigurationIsVisible = 0;
			defaultConfigurationName = Release;
		};
/* End XCConfigurationList section */

/* Begin XCVersionGroup section */
		6E570CED25D1E4BA0037533E /* BlackJackX.xcdatamodeld */ = {
			isa = XCVersionGroup;
			children = (
				6E570CEE25D1E4BA0037533E /* BlackJackX.xcdatamodel */,
			);
			currentVersion = 6E570CEE25D1E4BA0037533E /* BlackJackX.xcdatamodel */;
			path = BlackJackX.xcdatamodeld;
			sourceTree = "<group>";
			versionGroupType = wrapper.xcdatamodel;
		};
/* End XCVersionGroup section */
	};
	rootObject = 6E570CD925D1E4BA0037533E /* Project object */;
}
